// !$*UTF8*$!
{
	archiveVersion = 1;
	classes = {
	};
	objectVersion = 50;
	objects = {

/* Begin PBXBuildFile section */
		ED3EB26C21F02FC2002B9F4D /* AuthenticationHandler.swift in Sources */ = {isa = PBXBuildFile; fileRef = ED3EB26B21F02FC2002B9F4D /* AuthenticationHandler.swift */; };
		ED3EB27521F0E125002B9F4D /* Cursus.swift in Sources */ = {isa = PBXBuildFile; fileRef = ED3EB27421F0E125002B9F4D /* Cursus.swift */; };
		ED3EB27721F0E2BA002B9F4D /* CursusUsers.swift in Sources */ = {isa = PBXBuildFile; fileRef = ED3EB27621F0E2BA002B9F4D /* CursusUsers.swift */; };
		ED3EB27A21F0E397002B9F4D /* Skill.swift in Sources */ = {isa = PBXBuildFile; fileRef = ED3EB27921F0E397002B9F4D /* Skill.swift */; };
		ED3EB27C21F0E3ED002B9F4D /* Tools.swift in Sources */ = {isa = PBXBuildFile; fileRef = ED3EB27B21F0E3ED002B9F4D /* Tools.swift */; };
		ED3EB27E21F0E4B7002B9F4D /* User.swift in Sources */ = {isa = PBXBuildFile; fileRef = ED3EB27D21F0E4B7002B9F4D /* User.swift */; };
		ED3EB28121F0E62F002B9F4D /* Group.swift in Sources */ = {isa = PBXBuildFile; fileRef = ED3EB28021F0E62F002B9F4D /* Group.swift */; };
		ED5513F62295F8F9005FC6D1 /* SlotsTests.swift in Sources */ = {isa = PBXBuildFile; fileRef = ED5513F52295F8F9005FC6D1 /* SlotsTests.swift */; };
		ED5513F92295F9F9005FC6D1 /* Slot.swift in Sources */ = {isa = PBXBuildFile; fileRef = ED5513F82295F9F9005FC6D1 /* Slot.swift */; };
		ED56355021F15C9A009457AF /* ProjectsUsers.swift in Sources */ = {isa = PBXBuildFile; fileRef = ED56354F21F15C9A009457AF /* ProjectsUsers.swift */; };
		ED56355221F15E1A009457AF /* Project.swift in Sources */ = {isa = PBXBuildFile; fileRef = ED56355121F15E1A009457AF /* Project.swift */; };
		ED56355621F17456009457AF /* Achievements.swift in Sources */ = {isa = PBXBuildFile; fileRef = ED56355521F17456009457AF /* Achievements.swift */; };
		ED56355821F17524009457AF /* Titles.swift in Sources */ = {isa = PBXBuildFile; fileRef = ED56355721F17524009457AF /* Titles.swift */; };
		ED56355A21F175C1009457AF /* TitlesUsers.swift in Sources */ = {isa = PBXBuildFile; fileRef = ED56355921F175C1009457AF /* TitlesUsers.swift */; };
		ED56355D21F17664009457AF /* LanguagesUsers.swift in Sources */ = {isa = PBXBuildFile; fileRef = ED56355C21F17664009457AF /* LanguagesUsers.swift */; };
		ED959BEE21DF845D00B61435 /* API42.framework in Frameworks */ = {isa = PBXBuildFile; fileRef = ED959BE421DF845D00B61435 /* API42.framework */; };
		ED959BF321DF845D00B61435 /* API42Tests.swift in Sources */ = {isa = PBXBuildFile; fileRef = ED959BF221DF845D00B61435 /* API42Tests.swift */; };
		ED959BF521DF845D00B61435 /* API42.h in Headers */ = {isa = PBXBuildFile; fileRef = ED959BE721DF845D00B61435 /* API42.h */; settings = {ATTRIBUTES = (Public, ); }; };
		ED959BFF21DF8A9500B61435 /* EndpointURL.swift in Sources */ = {isa = PBXBuildFile; fileRef = ED959BFE21DF8A9500B61435 /* EndpointURL.swift */; };
		ED959C0721E0E01500B61435 /* ControllerAPI.swift in Sources */ = {isa = PBXBuildFile; fileRef = ED959C0621E0E01500B61435 /* ControllerAPI.swift */; };
		ED959C0F21E1870F00B61435 /* Token.swift in Sources */ = {isa = PBXBuildFile; fileRef = ED959C0E21E1870F00B61435 /* Token.swift */; };
		ED959CBE21E449A900B61435 /* UserInformation.swift in Sources */ = {isa = PBXBuildFile; fileRef = ED959CBD21E449A900B61435 /* UserInformation.swift */; };
		EDD36B0F21EC04F000195C01 /* AuthenticationTests.swift in Sources */ = {isa = PBXBuildFile; fileRef = EDD36B0E21EC04F000195C01 /* AuthenticationTests.swift */; };
		EDE0D59D21F62EB000B9170B /* SearchAPI.swift in Sources */ = {isa = PBXBuildFile; fileRef = EDE0D59C21F62EB000B9170B /* SearchAPI.swift */; };
/* End PBXBuildFile section */

/* Begin PBXContainerItemProxy section */
		ED959BEF21DF845D00B61435 /* PBXContainerItemProxy */ = {
			isa = PBXContainerItemProxy;
			containerPortal = ED959BDB21DF845D00B61435 /* Project object */;
			proxyType = 1;
			remoteGlobalIDString = ED959BE321DF845D00B61435;
			remoteInfo = API42;
		};
/* End PBXContainerItemProxy section */

/* Begin PBXFileReference section */
		ED3EB26B21F02FC2002B9F4D /* AuthenticationHandler.swift */ = {isa = PBXFileReference; lastKnownFileType = sourcecode.swift; path = AuthenticationHandler.swift; sourceTree = "<group>"; };
		ED3EB27221F0DFF6002B9F4D /* README.md */ = {isa = PBXFileReference; lastKnownFileType = net.daringfireball.markdown; path = README.md; sourceTree = "<group>"; };
		ED3EB27421F0E125002B9F4D /* Cursus.swift */ = {isa = PBXFileReference; lastKnownFileType = sourcecode.swift; path = Cursus.swift; sourceTree = "<group>"; };
		ED3EB27621F0E2BA002B9F4D /* CursusUsers.swift */ = {isa = PBXFileReference; lastKnownFileType = sourcecode.swift; path = CursusUsers.swift; sourceTree = "<group>"; };
		ED3EB27921F0E397002B9F4D /* Skill.swift */ = {isa = PBXFileReference; lastKnownFileType = sourcecode.swift; path = Skill.swift; sourceTree = "<group>"; };
		ED3EB27B21F0E3ED002B9F4D /* Tools.swift */ = {isa = PBXFileReference; lastKnownFileType = sourcecode.swift; path = Tools.swift; sourceTree = "<group>"; };
		ED3EB27D21F0E4B7002B9F4D /* User.swift */ = {isa = PBXFileReference; lastKnownFileType = sourcecode.swift; path = User.swift; sourceTree = "<group>"; };
		ED3EB28021F0E62F002B9F4D /* Group.swift */ = {isa = PBXFileReference; lastKnownFileType = sourcecode.swift; path = Group.swift; sourceTree = "<group>"; };
		ED5513F52295F8F9005FC6D1 /* SlotsTests.swift */ = {isa = PBXFileReference; lastKnownFileType = sourcecode.swift; path = SlotsTests.swift; sourceTree = "<group>"; };
		ED5513F82295F9F9005FC6D1 /* Slot.swift */ = {isa = PBXFileReference; lastKnownFileType = sourcecode.swift; path = Slot.swift; sourceTree = "<group>"; };
		ED56354F21F15C9A009457AF /* ProjectsUsers.swift */ = {isa = PBXFileReference; lastKnownFileType = sourcecode.swift; path = ProjectsUsers.swift; sourceTree = "<group>"; };
		ED56355121F15E1A009457AF /* Project.swift */ = {isa = PBXFileReference; lastKnownFileType = sourcecode.swift; path = Project.swift; sourceTree = "<group>"; };
		ED56355521F17456009457AF /* Achievements.swift */ = {isa = PBXFileReference; lastKnownFileType = sourcecode.swift; path = Achievements.swift; sourceTree = "<group>"; };
		ED56355721F17524009457AF /* Titles.swift */ = {isa = PBXFileReference; lastKnownFileType = sourcecode.swift; path = Titles.swift; sourceTree = "<group>"; };
		ED56355921F175C1009457AF /* TitlesUsers.swift */ = {isa = PBXFileReference; lastKnownFileType = sourcecode.swift; path = TitlesUsers.swift; sourceTree = "<group>"; };
		ED56355C21F17664009457AF /* LanguagesUsers.swift */ = {isa = PBXFileReference; lastKnownFileType = sourcecode.swift; path = LanguagesUsers.swift; sourceTree = "<group>"; };
		ED959BE421DF845D00B61435 /* API42.framework */ = {isa = PBXFileReference; explicitFileType = wrapper.framework; includeInIndex = 0; path = API42.framework; sourceTree = BUILT_PRODUCTS_DIR; };
		ED959BE721DF845D00B61435 /* API42.h */ = {isa = PBXFileReference; lastKnownFileType = sourcecode.c.h; path = API42.h; sourceTree = "<group>"; };
		ED959BE821DF845D00B61435 /* Info.plist */ = {isa = PBXFileReference; lastKnownFileType = text.plist.xml; path = Info.plist; sourceTree = "<group>"; };
		ED959BED21DF845D00B61435 /* API42Tests.xctest */ = {isa = PBXFileReference; explicitFileType = wrapper.cfbundle; includeInIndex = 0; path = API42Tests.xctest; sourceTree = BUILT_PRODUCTS_DIR; };
		ED959BF221DF845D00B61435 /* API42Tests.swift */ = {isa = PBXFileReference; lastKnownFileType = sourcecode.swift; path = API42Tests.swift; sourceTree = "<group>"; };
		ED959BF421DF845D00B61435 /* Info.plist */ = {isa = PBXFileReference; lastKnownFileType = text.plist.xml; path = Info.plist; sourceTree = "<group>"; };
		ED959BFE21DF8A9500B61435 /* EndpointURL.swift */ = {isa = PBXFileReference; lastKnownFileType = sourcecode.swift; path = EndpointURL.swift; sourceTree = "<group>"; };
		ED959C0621E0E01500B61435 /* ControllerAPI.swift */ = {isa = PBXFileReference; lastKnownFileType = sourcecode.swift; path = ControllerAPI.swift; sourceTree = "<group>"; };
		ED959C0E21E1870F00B61435 /* Token.swift */ = {isa = PBXFileReference; lastKnownFileType = sourcecode.swift; path = Token.swift; sourceTree = "<group>"; };
		ED959CBD21E449A900B61435 /* UserInformation.swift */ = {isa = PBXFileReference; lastKnownFileType = sourcecode.swift; path = UserInformation.swift; sourceTree = "<group>"; };
		EDD36B0E21EC04F000195C01 /* AuthenticationTests.swift */ = {isa = PBXFileReference; lastKnownFileType = sourcecode.swift; path = AuthenticationTests.swift; sourceTree = "<group>"; };
		EDE0D59C21F62EB000B9170B /* SearchAPI.swift */ = {isa = PBXFileReference; lastKnownFileType = sourcecode.swift; path = SearchAPI.swift; sourceTree = "<group>"; };
/* End PBXFileReference section */

/* Begin PBXFrameworksBuildPhase section */
		ED959BE121DF845D00B61435 /* Frameworks */ = {
			isa = PBXFrameworksBuildPhase;
			buildActionMask = 2147483647;
			files = (
			);
			runOnlyForDeploymentPostprocessing = 0;
		};
		ED959BEA21DF845D00B61435 /* Frameworks */ = {
			isa = PBXFrameworksBuildPhase;
			buildActionMask = 2147483647;
			files = (
				ED959BEE21DF845D00B61435 /* API42.framework in Frameworks */,
			);
			runOnlyForDeploymentPostprocessing = 0;
		};
/* End PBXFrameworksBuildPhase section */

/* Begin PBXGroup section */
		ED3EB27321F0E0F0002B9F4D /* Cursus */ = {
			isa = PBXGroup;
			children = (
				ED3EB27421F0E125002B9F4D /* Cursus.swift */,
				ED3EB27621F0E2BA002B9F4D /* CursusUsers.swift */,
			);
			path = Cursus;
			sourceTree = "<group>";
		};
		ED3EB27821F0E384002B9F4D /* Skills */ = {
			isa = PBXGroup;
			children = (
				ED3EB27921F0E397002B9F4D /* Skill.swift */,
			);
			path = Skills;
			sourceTree = "<group>";
		};
		ED3EB27F21F0E61F002B9F4D /* Groups */ = {
			isa = PBXGroup;
			children = (
				ED3EB28021F0E62F002B9F4D /* Group.swift */,
			);
			path = Groups;
			sourceTree = "<group>";
		};
		ED5513F72295F972005FC6D1 /* Slots */ = {
			isa = PBXGroup;
			children = (
				ED5513F82295F9F9005FC6D1 /* Slot.swift */,
			);
			path = Slots;
			sourceTree = "<group>";
		};
		ED5513FA22960B00005FC6D1 /* Resources Endpoints */ = {
			isa = PBXGroup;
			children = (
				ED56355421F17434009457AF /* Achievements */,
				ED3EB27321F0E0F0002B9F4D /* Cursus */,
				ED3EB27F21F0E61F002B9F4D /* Groups */,
				ED56354E21F15C5A009457AF /* Projects */,
				EDE0D59B21F62E9500B9170B /* Searches */,
				ED3EB27821F0E384002B9F4D /* Skills */,
				ED5513F72295F972005FC6D1 /* Slots */,
				ED56355B21F1763D009457AF /* Titles */,
				ED959CBC21E4492700B61435 /* Users */,
			);
			path = "Resources Endpoints";
			sourceTree = "<group>";
		};
		ED56354E21F15C5A009457AF /* Projects */ = {
			isa = PBXGroup;
			children = (
				ED56354F21F15C9A009457AF /* ProjectsUsers.swift */,
				ED56355121F15E1A009457AF /* Project.swift */,
			);
			path = Projects;
			sourceTree = "<group>";
		};
		ED56355421F17434009457AF /* Achievements */ = {
			isa = PBXGroup;
			children = (
				ED56355521F17456009457AF /* Achievements.swift */,
			);
			path = Achievements;
			sourceTree = "<group>";
		};
		ED56355B21F1763D009457AF /* Titles */ = {
			isa = PBXGroup;
			children = (
				ED56355721F17524009457AF /* Titles.swift */,
				ED56355921F175C1009457AF /* TitlesUsers.swift */,
			);
			path = Titles;
			sourceTree = "<group>";
		};
		ED959BDA21DF845D00B61435 = {
			isa = PBXGroup;
			children = (
				ED3EB27221F0DFF6002B9F4D /* README.md */,
				ED959BE621DF845D00B61435 /* API42 */,
				ED959BF121DF845D00B61435 /* API42Tests */,
				ED959BE521DF845D00B61435 /* Products */,
			);
			sourceTree = "<group>";
		};
		ED959BE521DF845D00B61435 /* Products */ = {
			isa = PBXGroup;
			children = (
				ED959BE421DF845D00B61435 /* API42.framework */,
				ED959BED21DF845D00B61435 /* API42Tests.xctest */,
			);
			name = Products;
			sourceTree = "<group>";
		};
		ED959BE621DF845D00B61435 /* API42 */ = {
			isa = PBXGroup;
			children = (
				ED959BE721DF845D00B61435 /* API42.h */,
				ED959BE821DF845D00B61435 /* Info.plist */,
				ED959BFE21DF8A9500B61435 /* EndpointURL.swift */,
				ED959C0D21E186ED00B61435 /* Authentication */,
				ED959C0621E0E01500B61435 /* ControllerAPI.swift */,
				ED3EB27B21F0E3ED002B9F4D /* Tools.swift */,
				ED5513FA22960B00005FC6D1 /* Resources Endpoints */,
			);
			path = API42;
			sourceTree = "<group>";
		};
		ED959BF121DF845D00B61435 /* API42Tests */ = {
			isa = PBXGroup;
			children = (
				ED959BF421DF845D00B61435 /* Info.plist */,
				ED959BF221DF845D00B61435 /* API42Tests.swift */,
				EDD36B0E21EC04F000195C01 /* AuthenticationTests.swift */,
				ED5513F52295F8F9005FC6D1 /* SlotsTests.swift */,
			);
			path = API42Tests;
			sourceTree = "<group>";
		};
		ED959C0D21E186ED00B61435 /* Authentication */ = {
			isa = PBXGroup;
			children = (
				ED3EB26B21F02FC2002B9F4D /* AuthenticationHandler.swift */,
				ED959C0E21E1870F00B61435 /* Token.swift */,
			);
			path = Authentication;
			sourceTree = "<group>";
		};
		ED959CBC21E4492700B61435 /* Users */ = {
			isa = PBXGroup;
			children = (
				ED959CBD21E449A900B61435 /* UserInformation.swift */,
				ED3EB27D21F0E4B7002B9F4D /* User.swift */,
				ED56355C21F17664009457AF /* LanguagesUsers.swift */,
			);
			path = Users;
			sourceTree = "<group>";
		};
		EDE0D59B21F62E9500B9170B /* Searches */ = {
			isa = PBXGroup;
			children = (
				EDE0D59C21F62EB000B9170B /* SearchAPI.swift */,
			);
			path = Searches;
			sourceTree = "<group>";
		};
/* End PBXGroup section */

/* Begin PBXHeadersBuildPhase section */
		ED959BDF21DF845D00B61435 /* Headers */ = {
			isa = PBXHeadersBuildPhase;
			buildActionMask = 2147483647;
			files = (
				ED959BF521DF845D00B61435 /* API42.h in Headers */,
			);
			runOnlyForDeploymentPostprocessing = 0;
		};
/* End PBXHeadersBuildPhase section */

/* Begin PBXNativeTarget section */
		ED959BE321DF845D00B61435 /* API42 */ = {
			isa = PBXNativeTarget;
			buildConfigurationList = ED959BF821DF845D00B61435 /* Build configuration list for PBXNativeTarget "API42" */;
			buildPhases = (
				ED959BDF21DF845D00B61435 /* Headers */,
				ED959BE021DF845D00B61435 /* Sources */,
				ED959BE121DF845D00B61435 /* Frameworks */,
				ED959BE221DF845D00B61435 /* Resources */,
			);
			buildRules = (
			);
			dependencies = (
			);
			name = API42;
			productName = API42;
			productReference = ED959BE421DF845D00B61435 /* API42.framework */;
			productType = "com.apple.product-type.framework";
		};
		ED959BEC21DF845D00B61435 /* API42Tests */ = {
			isa = PBXNativeTarget;
			buildConfigurationList = ED959BFB21DF845D00B61435 /* Build configuration list for PBXNativeTarget "API42Tests" */;
			buildPhases = (
				ED959BE921DF845D00B61435 /* Sources */,
				ED959BEA21DF845D00B61435 /* Frameworks */,
				ED959BEB21DF845D00B61435 /* Resources */,
			);
			buildRules = (
			);
			dependencies = (
				ED959BF021DF845D00B61435 /* PBXTargetDependency */,
			);
			name = API42Tests;
			productName = API42Tests;
			productReference = ED959BED21DF845D00B61435 /* API42Tests.xctest */;
			productType = "com.apple.product-type.bundle.unit-test";
		};
/* End PBXNativeTarget section */

/* Begin PBXProject section */
		ED959BDB21DF845D00B61435 /* Project object */ = {
			isa = PBXProject;
			attributes = {
				LastSwiftUpdateCheck = 1010;
				LastUpgradeCheck = 1010;
				ORGANIZATIONNAME = "Marcus Florentin";
				TargetAttributes = {
					ED959BE321DF845D00B61435 = {
						CreatedOnToolsVersion = 10.1;
						LastSwiftMigration = 1020;
					};
					ED959BEC21DF845D00B61435 = {
						CreatedOnToolsVersion = 10.1;
					};
				};
			};
			buildConfigurationList = ED959BDE21DF845D00B61435 /* Build configuration list for PBXProject "API42" */;
			compatibilityVersion = "Xcode 9.3";
			developmentRegion = en;
			hasScannedForEncodings = 0;
			knownRegions = (
				en,
				Base,
			);
			mainGroup = ED959BDA21DF845D00B61435;
			productRefGroup = ED959BE521DF845D00B61435 /* Products */;
			projectDirPath = "";
			projectRoot = "";
			targets = (
				ED959BE321DF845D00B61435 /* API42 */,
				ED959BEC21DF845D00B61435 /* API42Tests */,
			);
		};
/* End PBXProject section */

/* Begin PBXResourcesBuildPhase section */
		ED959BE221DF845D00B61435 /* Resources */ = {
			isa = PBXResourcesBuildPhase;
			buildActionMask = 2147483647;
			files = (
			);
			runOnlyForDeploymentPostprocessing = 0;
		};
		ED959BEB21DF845D00B61435 /* Resources */ = {
			isa = PBXResourcesBuildPhase;
			buildActionMask = 2147483647;
			files = (
			);
			runOnlyForDeploymentPostprocessing = 0;
		};
/* End PBXResourcesBuildPhase section */

/* Begin PBXSourcesBuildPhase section */
		ED959BE021DF845D00B61435 /* Sources */ = {
			isa = PBXSourcesBuildPhase;
			buildActionMask = 2147483647;
			files = (
				ED3EB28121F0E62F002B9F4D /* Group.swift in Sources */,
				ED56355621F17456009457AF /* Achievements.swift in Sources */,
				ED56355D21F17664009457AF /* LanguagesUsers.swift in Sources */,
				ED3EB27521F0E125002B9F4D /* Cursus.swift in Sources */,
				ED56355A21F175C1009457AF /* TitlesUsers.swift in Sources */,
				ED56355021F15C9A009457AF /* ProjectsUsers.swift in Sources */,
				ED959C0F21E1870F00B61435 /* Token.swift in Sources */,
				ED5513F92295F9F9005FC6D1 /* Slot.swift in Sources */,
				ED959CBE21E449A900B61435 /* UserInformation.swift in Sources */,
				EDE0D59D21F62EB000B9170B /* SearchAPI.swift in Sources */,
				ED56355221F15E1A009457AF /* Project.swift in Sources */,
				ED959C0721E0E01500B61435 /* ControllerAPI.swift in Sources */,
				ED3EB27721F0E2BA002B9F4D /* CursusUsers.swift in Sources */,
				ED56355821F17524009457AF /* Titles.swift in Sources */,
				ED3EB27A21F0E397002B9F4D /* Skill.swift in Sources */,
				ED3EB27C21F0E3ED002B9F4D /* Tools.swift in Sources */,
				ED959BFF21DF8A9500B61435 /* EndpointURL.swift in Sources */,
				ED3EB27E21F0E4B7002B9F4D /* User.swift in Sources */,
				ED3EB26C21F02FC2002B9F4D /* AuthenticationHandler.swift in Sources */,
			);
			runOnlyForDeploymentPostprocessing = 0;
		};
		ED959BE921DF845D00B61435 /* Sources */ = {
			isa = PBXSourcesBuildPhase;
			buildActionMask = 2147483647;
			files = (
				ED5513F62295F8F9005FC6D1 /* SlotsTests.swift in Sources */,
				ED959BF321DF845D00B61435 /* API42Tests.swift in Sources */,
				EDD36B0F21EC04F000195C01 /* AuthenticationTests.swift in Sources */,
			);
			runOnlyForDeploymentPostprocessing = 0;
		};
/* End PBXSourcesBuildPhase section */

/* Begin PBXTargetDependency section */
		ED959BF021DF845D00B61435 /* PBXTargetDependency */ = {
			isa = PBXTargetDependency;
			target = ED959BE321DF845D00B61435 /* API42 */;
			targetProxy = ED959BEF21DF845D00B61435 /* PBXContainerItemProxy */;
		};
/* End PBXTargetDependency section */

/* Begin XCBuildConfiguration section */
		ED959BF621DF845D00B61435 /* Debug */ = {
			isa = XCBuildConfiguration;
			buildSettings = {
				ADDITIONAL_SDKS = "";
				ALWAYS_SEARCH_USER_PATHS = NO;
				CLANG_ANALYZER_NONNULL = YES;
				CLANG_ANALYZER_NUMBER_OBJECT_CONVERSION = YES_AGGRESSIVE;
				CLANG_CXX_LANGUAGE_STANDARD = "gnu++14";
				CLANG_CXX_LIBRARY = "libc++";
				CLANG_ENABLE_MODULES = YES;
				CLANG_ENABLE_OBJC_ARC = YES;
				CLANG_ENABLE_OBJC_WEAK = YES;
				CLANG_WARN_BLOCK_CAPTURE_AUTORELEASING = YES;
				CLANG_WARN_BOOL_CONVERSION = YES;
				CLANG_WARN_COMMA = YES;
				CLANG_WARN_CONSTANT_CONVERSION = YES;
				CLANG_WARN_DEPRECATED_OBJC_IMPLEMENTATIONS = YES;
				CLANG_WARN_DIRECT_OBJC_ISA_USAGE = YES_ERROR;
				CLANG_WARN_DOCUMENTATION_COMMENTS = YES;
				CLANG_WARN_EMPTY_BODY = YES;
				CLANG_WARN_ENUM_CONVERSION = YES;
				CLANG_WARN_INFINITE_RECURSION = YES;
				CLANG_WARN_INT_CONVERSION = YES;
				CLANG_WARN_NON_LITERAL_NULL_CONVERSION = YES;
				CLANG_WARN_OBJC_IMPLICIT_RETAIN_SELF = YES;
				CLANG_WARN_OBJC_LITERAL_CONVERSION = YES;
				CLANG_WARN_OBJC_ROOT_CLASS = YES_ERROR;
				CLANG_WARN_RANGE_LOOP_ANALYSIS = YES;
				CLANG_WARN_STRICT_PROTOTYPES = YES;
				CLANG_WARN_SUSPICIOUS_MOVE = YES;
				CLANG_WARN_UNGUARDED_AVAILABILITY = YES_AGGRESSIVE;
				CLANG_WARN_UNREACHABLE_CODE = YES;
				CLANG_WARN__DUPLICATE_METHOD_MATCH = YES;
				CODE_SIGN_IDENTITY = "Mac Developer";
				COPY_PHASE_STRIP = NO;
				CURRENT_PROJECT_VERSION = 1;
				DEBUG_INFORMATION_FORMAT = dwarf;
				ENABLE_STRICT_OBJC_MSGSEND = YES;
				ENABLE_TESTABILITY = YES;
				GCC_C_LANGUAGE_STANDARD = gnu11;
				GCC_DYNAMIC_NO_PIC = NO;
				GCC_NO_COMMON_BLOCKS = YES;
				GCC_OPTIMIZATION_LEVEL = 0;
				GCC_PREPROCESSOR_DEFINITIONS = (
					"DEBUG=1",
					"$(inherited)",
				);
				GCC_WARN_64_TO_32_BIT_CONVERSION = YES;
				GCC_WARN_ABOUT_RETURN_TYPE = YES_ERROR;
				GCC_WARN_UNDECLARED_SELECTOR = YES;
				GCC_WARN_UNINITIALIZED_AUTOS = YES_AGGRESSIVE;
				GCC_WARN_UNUSED_FUNCTION = YES;
				GCC_WARN_UNUSED_VARIABLE = YES;
				MACOSX_DEPLOYMENT_TARGET = 10.14;
				MTL_ENABLE_DEBUG_INFO = INCLUDE_SOURCE;
				MTL_FAST_MATH = YES;
				ONLY_ACTIVE_ARCH = YES;
				SDKROOT = iphoneos;
				SUPPORTED_PLATFORMS = "macosx iphonesimulator iphoneos watchsimulator watchos";
				SWIFT_ACTIVE_COMPILATION_CONDITIONS = DEBUG;
				SWIFT_OPTIMIZATION_LEVEL = "-Onone";
				TARGETED_DEVICE_FAMILY = "1,2,3,4";
				VALID_ARCHS = "i386 x86_64 arm64 arm64e armv7 armv7s armv7k arm64_32";
				VERSIONING_SYSTEM = "apple-generic";
				VERSION_INFO_PREFIX = "";
			};
			name = Debug;
		};
		ED959BF721DF845D00B61435 /* Release */ = {
			isa = XCBuildConfiguration;
			buildSettings = {
				ADDITIONAL_SDKS = "";
				ALWAYS_SEARCH_USER_PATHS = NO;
				CLANG_ANALYZER_NONNULL = YES;
				CLANG_ANALYZER_NUMBER_OBJECT_CONVERSION = YES_AGGRESSIVE;
				CLANG_CXX_LANGUAGE_STANDARD = "gnu++14";
				CLANG_CXX_LIBRARY = "libc++";
				CLANG_ENABLE_MODULES = YES;
				CLANG_ENABLE_OBJC_ARC = YES;
				CLANG_ENABLE_OBJC_WEAK = YES;
				CLANG_WARN_BLOCK_CAPTURE_AUTORELEASING = YES;
				CLANG_WARN_BOOL_CONVERSION = YES;
				CLANG_WARN_COMMA = YES;
				CLANG_WARN_CONSTANT_CONVERSION = YES;
				CLANG_WARN_DEPRECATED_OBJC_IMPLEMENTATIONS = YES;
				CLANG_WARN_DIRECT_OBJC_ISA_USAGE = YES_ERROR;
				CLANG_WARN_DOCUMENTATION_COMMENTS = YES;
				CLANG_WARN_EMPTY_BODY = YES;
				CLANG_WARN_ENUM_CONVERSION = YES;
				CLANG_WARN_INFINITE_RECURSION = YES;
				CLANG_WARN_INT_CONVERSION = YES;
				CLANG_WARN_NON_LITERAL_NULL_CONVERSION = YES;
				CLANG_WARN_OBJC_IMPLICIT_RETAIN_SELF = YES;
				CLANG_WARN_OBJC_LITERAL_CONVERSION = YES;
				CLANG_WARN_OBJC_ROOT_CLASS = YES_ERROR;
				CLANG_WARN_RANGE_LOOP_ANALYSIS = YES;
				CLANG_WARN_STRICT_PROTOTYPES = YES;
				CLANG_WARN_SUSPICIOUS_MOVE = YES;
				CLANG_WARN_UNGUARDED_AVAILABILITY = YES_AGGRESSIVE;
				CLANG_WARN_UNREACHABLE_CODE = YES;
				CLANG_WARN__DUPLICATE_METHOD_MATCH = YES;
				CODE_SIGN_IDENTITY = "Mac Developer";
				COPY_PHASE_STRIP = NO;
				CURRENT_PROJECT_VERSION = 1;
				DEBUG_INFORMATION_FORMAT = "dwarf-with-dsym";
				ENABLE_NS_ASSERTIONS = NO;
				ENABLE_STRICT_OBJC_MSGSEND = YES;
				GCC_C_LANGUAGE_STANDARD = gnu11;
				GCC_NO_COMMON_BLOCKS = YES;
				GCC_WARN_64_TO_32_BIT_CONVERSION = YES;
				GCC_WARN_ABOUT_RETURN_TYPE = YES_ERROR;
				GCC_WARN_UNDECLARED_SELECTOR = YES;
				GCC_WARN_UNINITIALIZED_AUTOS = YES_AGGRESSIVE;
				GCC_WARN_UNUSED_FUNCTION = YES;
				GCC_WARN_UNUSED_VARIABLE = YES;
				MACOSX_DEPLOYMENT_TARGET = 10.14;
				MTL_ENABLE_DEBUG_INFO = NO;
				MTL_FAST_MATH = YES;
				SDKROOT = iphoneos;
				SUPPORTED_PLATFORMS = "macosx iphonesimulator iphoneos watchsimulator watchos";
				SWIFT_COMPILATION_MODE = wholemodule;
				SWIFT_OPTIMIZATION_LEVEL = "-O";
				TARGETED_DEVICE_FAMILY = "1,2,3,4";
				VALID_ARCHS = "i386 x86_64 arm64 arm64e armv7 armv7s armv7k arm64_32";
				VERSIONING_SYSTEM = "apple-generic";
				VERSION_INFO_PREFIX = "";
			};
			name = Release;
		};
		ED959BF921DF845D00B61435 /* Debug */ = {
			isa = XCBuildConfiguration;
			buildSettings = {
				CLANG_ENABLE_MODULES = YES;
				CODE_SIGN_IDENTITY = "";
				CODE_SIGN_STYLE = Automatic;
				COMBINE_HIDPI_IMAGES = YES;
				DEFINES_MODULE = YES;
				DEVELOPMENT_TEAM = Z8Q82L44LS;
				DYLIB_COMPATIBILITY_VERSION = 1;
				DYLIB_CURRENT_VERSION = 1;
				DYLIB_INSTALL_NAME_BASE = "@rpath";
				FRAMEWORK_VERSION = A;
				INFOPLIST_FILE = API42/Info.plist;
				INSTALL_PATH = "$(LOCAL_LIBRARY_DIR)/Frameworks";
				IPHONEOS_DEPLOYMENT_TARGET = 12.0;
				LD_RUNPATH_SEARCH_PATHS = (
					"$(inherited)",
					"@executable_path/../Frameworks",
					"@loader_path/Frameworks",
				);
				PRODUCT_BUNDLE_IDENTIFIER = "black.sombre-osmoze.API42";
				PRODUCT_NAME = "$(TARGET_NAME:c99extidentifier)";
				SKIP_INSTALL = YES;
				SWIFT_OPTIMIZATION_LEVEL = "-Onone";
				SWIFT_VERSION = 5.0;
				VALID_ARCHS = "";
			};
			name = Debug;
		};
		ED959BFA21DF845D00B61435 /* Release */ = {
			isa = XCBuildConfiguration;
			buildSettings = {
				CLANG_ENABLE_MODULES = YES;
				CODE_SIGN_IDENTITY = "";
				CODE_SIGN_STYLE = Automatic;
				COMBINE_HIDPI_IMAGES = YES;
				DEFINES_MODULE = YES;
				DEVELOPMENT_TEAM = Z8Q82L44LS;
				DYLIB_COMPATIBILITY_VERSION = 1;
				DYLIB_CURRENT_VERSION = 1;
				DYLIB_INSTALL_NAME_BASE = "@rpath";
				FRAMEWORK_VERSION = A;
				INFOPLIST_FILE = API42/Info.plist;
				INSTALL_PATH = "$(LOCAL_LIBRARY_DIR)/Frameworks";
				IPHONEOS_DEPLOYMENT_TARGET = 12.0;
				LD_RUNPATH_SEARCH_PATHS = (
					"$(inherited)",
					"@executable_path/../Frameworks",
					"@loader_path/Frameworks",
				);
				PRODUCT_BUNDLE_IDENTIFIER = "black.sombre-osmoze.API42";
				PRODUCT_NAME = "$(TARGET_NAME:c99extidentifier)";
				SKIP_INSTALL = YES;
				SWIFT_VERSION = 5.0;
				VALID_ARCHS = "";
			};
			name = Release;
		};
		ED959BFC21DF845D00B61435 /* Debug */ = {
			isa = XCBuildConfiguration;
			buildSettings = {
				ALWAYS_EMBED_SWIFT_STANDARD_LIBRARIES = YES;
				CODE_SIGN_STYLE = Automatic;
				COMBINE_HIDPI_IMAGES = YES;
				DEVELOPMENT_TEAM = Z8Q82L44LS;
				INFOPLIST_FILE = API42Tests/Info.plist;
				LD_RUNPATH_SEARCH_PATHS = (
					"$(inherited)",
					"@executable_path/../Frameworks",
					"@loader_path/../Frameworks",
				);
				PRODUCT_BUNDLE_IDENTIFIER = "black.sombre-osmoze.API42Tests";
				PRODUCT_NAME = "$(TARGET_NAME)";
				SWIFT_VERSION = 4.2;
			};
			name = Debug;
		};
		ED959BFD21DF845D00B61435 /* Release */ = {
			isa = XCBuildConfiguration;
			buildSettings = {
				ALWAYS_EMBED_SWIFT_STANDARD_LIBRARIES = YES;
				CODE_SIGN_STYLE = Automatic;
				COMBINE_HIDPI_IMAGES = YES;
				DEVELOPMENT_TEAM = Z8Q82L44LS;
				INFOPLIST_FILE = API42Tests/Info.plist;
				LD_RUNPATH_SEARCH_PATHS = (
					"$(inherited)",
					"@executable_path/../Frameworks",
					"@loader_path/../Frameworks",
				);
				PRODUCT_BUNDLE_IDENTIFIER = "black.sombre-osmoze.API42Tests";
				PRODUCT_NAME = "$(TARGET_NAME)";
				SWIFT_VERSION = 4.2;
			};
			name = Release;
		};
/* End XCBuildConfiguration section */

/* Begin XCConfigurationList section */
		ED959BDE21DF845D00B61435 /* Build configuration list for PBXProject "API42" */ = {
			isa = XCConfigurationList;
			buildConfigurations = (
				ED959BF621DF845D00B61435 /* Debug */,
				ED959BF721DF845D00B61435 /* Release */,
			);
			defaultConfigurationIsVisible = 0;
			defaultConfigurationName = Release;
		};
		ED959BF821DF845D00B61435 /* Build configuration list for PBXNativeTarget "API42" */ = {
			isa = XCConfigurationList;
			buildConfigurations = (
				ED959BF921DF845D00B61435 /* Debug */,
				ED959BFA21DF845D00B61435 /* Release */,
			);
			defaultConfigurationIsVisible = 0;
			defaultConfigurationName = Release;
		};
		ED959BFB21DF845D00B61435 /* Build configuration list for PBXNativeTarget "API42Tests" */ = {
			isa = XCConfigurationList;
			buildConfigurations = (
				ED959BFC21DF845D00B61435 /* Debug */,
				ED959BFD21DF845D00B61435 /* Release */,
			);
			defaultConfigurationIsVisible = 0;
			defaultConfigurationName = Release;
		};
/* End XCConfigurationList section */
	};
	rootObject = ED959BDB21DF845D00B61435 /* Project object */;
}
