// !$*UTF8*$!
{
	archiveVersion = 1;
	classes = {
	};
	objectVersion = 46;
	objects = {

/* Begin PBXAggregateTarget section */
		"API42::API42PackageTests::ProductTarget" /* API42PackageTests */ = {
			isa = PBXAggregateTarget;
			buildConfigurationList = OBJ_34 /* Build configuration list for PBXAggregateTarget "API42PackageTests" */;
			buildPhases = (
			);
			dependencies = (
				OBJ_37 /* PBXTargetDependency */,
			);
			name = API42PackageTests;
			productName = API42PackageTests;
		};
/* End PBXAggregateTarget section */

/* Begin PBXBuildFile section */
		ED3425B022B112BF001DF57E /* Tag.swift in Sources */ = {isa = PBXBuildFile; fileRef = ED3425AF22B112BF001DF57E /* Tag.swift */; };
		ED3425B422B13F8D001DF57E /* ProjectInfo.swift in Sources */ = {isa = PBXBuildFile; fileRef = ED3425B322B13F8D001DF57E /* ProjectInfo.swift */; };
		ED3425B822B1446A001DF57E /* Attachment.swift in Sources */ = {isa = PBXBuildFile; fileRef = ED3425B722B1446A001DF57E /* Attachment.swift */; };
		ED3425BA22B15211001DF57E /* FileAttachments.swift in Sources */ = {isa = PBXBuildFile; fileRef = ED3425B922B15211001DF57E /* FileAttachments.swift */; };
		ED3425BE22B173B7001DF57E /* Controls.swift in Sources */ = {isa = PBXBuildFile; fileRef = ED3425BD22B173B7001DF57E /* Controls.swift */; };
		ED7E31D422AADB4E00BB5260 /* ControllerAPI.swift in Sources */ = {isa = PBXBuildFile; fileRef = ED7E31D322AADB4E00BB5260 /* ControllerAPI.swift */; };
		ED7E31D622AADB5000BB5260 /* EndpointURL.swift in Sources */ = {isa = PBXBuildFile; fileRef = ED7E31D522AADB5000BB5260 /* EndpointURL.swift */; };
		ED7E31D822AADB5400BB5260 /* Errors.swift in Sources */ = {isa = PBXBuildFile; fileRef = ED7E31D722AADB5400BB5260 /* Errors.swift */; };
		ED7E31DA22AADB5800BB5260 /* Tools.swift in Sources */ = {isa = PBXBuildFile; fileRef = ED7E31D922AADB5800BB5260 /* Tools.swift */; };
		ED7E31E322AADB9000BB5260 /* AuthenticationTests.swift in Sources */ = {isa = PBXBuildFile; fileRef = ED7E31E222AADB9000BB5260 /* AuthenticationTests.swift */; };
		ED7E31E522AADB9700BB5260 /* SlotsTests.swift in Sources */ = {isa = PBXBuildFile; fileRef = ED7E31E422AADB9700BB5260 /* SlotsTests.swift */; };
		ED7E31F922AADFE700BB5260 /* AuthenticationHandler.swift in Sources */ = {isa = PBXBuildFile; fileRef = ED7E31B222AADB3C00BB5260 /* AuthenticationHandler.swift */; };
		ED7E31FA22AADFE700BB5260 /* Token.swift in Sources */ = {isa = PBXBuildFile; fileRef = ED7E31B322AADB3C00BB5260 /* Token.swift */; };
		ED7E31FB22AADFFE00BB5260 /* Achievements.swift in Sources */ = {isa = PBXBuildFile; fileRef = ED7E31B822AADB4500BB5260 /* Achievements.swift */; };
		ED7E31FC22AADFFE00BB5260 /* Campus.swift in Sources */ = {isa = PBXBuildFile; fileRef = ED7E31BE22AADB4500BB5260 /* Campus.swift */; };
		ED7E31FD22AADFFE00BB5260 /* CursusUsers.swift in Sources */ = {isa = PBXBuildFile; fileRef = ED7E31D122AADB4500BB5260 /* CursusUsers.swift */; };
		ED7E31FE22AADFFE00BB5260 /* Cursus.swift in Sources */ = {isa = PBXBuildFile; fileRef = ED7E31D222AADB4500BB5260 /* Cursus.swift */; };
		ED7E31FF22AADFFE00BB5260 /* Group.swift in Sources */ = {isa = PBXBuildFile; fileRef = ED7E31C022AADB4500BB5260 /* Group.swift */; };
		ED7E320022AADFFE00BB5260 /* ProjectSessions.swift in Sources */ = {isa = PBXBuildFile; fileRef = ED7E31BA22AADB4500BB5260 /* ProjectSessions.swift */; };
		ED7E320122AADFFE00BB5260 /* Project.swift in Sources */ = {isa = PBXBuildFile; fileRef = ED7E31BB22AADB4500BB5260 /* Project.swift */; };
		ED7E320222AADFFE00BB5260 /* ProjectsUsers.swift in Sources */ = {isa = PBXBuildFile; fileRef = ED7E31BC22AADB4500BB5260 /* ProjectsUsers.swift */; };
		ED7E320322AADFFE00BB5260 /* Language.swift in Sources */ = {isa = PBXBuildFile; fileRef = ED7E31C422AADB4500BB5260 /* Language.swift */; };
		ED7E320422AADFFE00BB5260 /* LanguagesUsers.swift in Sources */ = {isa = PBXBuildFile; fileRef = ED7E31C522AADB4500BB5260 /* LanguagesUsers.swift */; };
		ED7E320522AADFFE00BB5260 /* Scales.swift in Sources */ = {isa = PBXBuildFile; fileRef = ED7E31C222AADB4500BB5260 /* Scales.swift */; };
		ED7E320622AADFFE00BB5260 /* SearchAPI.swift in Sources */ = {isa = PBXBuildFile; fileRef = ED7E31B622AADB4500BB5260 /* SearchAPI.swift */; };
		ED7E320722AADFFE00BB5260 /* Skill.swift in Sources */ = {isa = PBXBuildFile; fileRef = ED7E31CD22AADB4500BB5260 /* Skill.swift */; };
		ED7E320822AADFFE00BB5260 /* Slot.swift in Sources */ = {isa = PBXBuildFile; fileRef = ED7E31CF22AADB4500BB5260 /* Slot.swift */; };
		ED7E320922AADFFE00BB5260 /* TitlesUsers.swift in Sources */ = {isa = PBXBuildFile; fileRef = ED7E31C722AADB4500BB5260 /* TitlesUsers.swift */; };
		ED7E320A22AADFFE00BB5260 /* Titles.swift in Sources */ = {isa = PBXBuildFile; fileRef = ED7E31C822AADB4500BB5260 /* Titles.swift */; };
		ED7E320B22AADFFE00BB5260 /* User.swift in Sources */ = {isa = PBXBuildFile; fileRef = ED7E31CA22AADB4500BB5260 /* User.swift */; };
		ED7E320C22AADFFE00BB5260 /* UserInformation.swift in Sources */ = {isa = PBXBuildFile; fileRef = ED7E31CB22AADB4500BB5260 /* UserInformation.swift */; };
		OBJ_32 /* Package.swift in Sources */ = {isa = PBXBuildFile; fileRef = OBJ_6 /* Package.swift */; };
		OBJ_43 /* API42Tests.swift in Sources */ = {isa = PBXBuildFile; fileRef = OBJ_12 /* API42Tests.swift */; };
		OBJ_44 /* XCTestManifests.swift in Sources */ = {isa = PBXBuildFile; fileRef = OBJ_13 /* XCTestManifests.swift */; };
		OBJ_46 /* API42.framework in Frameworks */ = {isa = PBXBuildFile; fileRef = "API42::API42::Product" /* API42.framework */; };
/* End PBXBuildFile section */

/* Begin PBXContainerItemProxy section */
		ED7E31AF22AADB0A00BB5260 /* PBXContainerItemProxy */ = {
			isa = PBXContainerItemProxy;
			containerPortal = OBJ_1 /* Project object */;
			proxyType = 1;
			remoteGlobalIDString = "API42::API42";
			remoteInfo = API42;
		};
		ED7E31B022AADB0B00BB5260 /* PBXContainerItemProxy */ = {
			isa = PBXContainerItemProxy;
			containerPortal = OBJ_1 /* Project object */;
			proxyType = 1;
			remoteGlobalIDString = "API42::API42Tests";
			remoteInfo = API42Tests;
		};
/* End PBXContainerItemProxy section */

/* Begin PBXFileReference section */
		"API42::API42::Product" /* API42.framework */ = {isa = PBXFileReference; explicitFileType = wrapper.framework; path = API42.framework; sourceTree = BUILT_PRODUCTS_DIR; };
		"API42::API42Tests::Product" /* API42Tests.xctest */ = {isa = PBXFileReference; lastKnownFileType = file; path = API42Tests.xctest; sourceTree = BUILT_PRODUCTS_DIR; };
		ED3425AF22B112BF001DF57E /* Tag.swift */ = {isa = PBXFileReference; lastKnownFileType = sourcecode.swift; path = Tag.swift; sourceTree = "<group>"; };
		ED3425B322B13F8D001DF57E /* ProjectInfo.swift */ = {isa = PBXFileReference; lastKnownFileType = sourcecode.swift; path = ProjectInfo.swift; sourceTree = "<group>"; };
		ED3425B722B1446A001DF57E /* Attachment.swift */ = {isa = PBXFileReference; lastKnownFileType = sourcecode.swift; path = Attachment.swift; sourceTree = "<group>"; };
		ED3425B922B15211001DF57E /* FileAttachments.swift */ = {isa = PBXFileReference; lastKnownFileType = sourcecode.swift; path = FileAttachments.swift; sourceTree = "<group>"; };
		ED3425BD22B173B7001DF57E /* Controls.swift */ = {isa = PBXFileReference; lastKnownFileType = sourcecode.swift; path = Controls.swift; sourceTree = "<group>"; };
		ED7E31B222AADB3C00BB5260 /* AuthenticationHandler.swift */ = {isa = PBXFileReference; lastKnownFileType = sourcecode.swift; path = AuthenticationHandler.swift; sourceTree = "<group>"; };
		ED7E31B322AADB3C00BB5260 /* Token.swift */ = {isa = PBXFileReference; lastKnownFileType = sourcecode.swift; path = Token.swift; sourceTree = "<group>"; };
		ED7E31B622AADB4500BB5260 /* SearchAPI.swift */ = {isa = PBXFileReference; lastKnownFileType = sourcecode.swift; path = SearchAPI.swift; sourceTree = "<group>"; };
		ED7E31B822AADB4500BB5260 /* Achievements.swift */ = {isa = PBXFileReference; lastKnownFileType = sourcecode.swift; path = Achievements.swift; sourceTree = "<group>"; };
		ED7E31BA22AADB4500BB5260 /* ProjectSessions.swift */ = {isa = PBXFileReference; lastKnownFileType = sourcecode.swift; path = ProjectSessions.swift; sourceTree = "<group>"; };
		ED7E31BB22AADB4500BB5260 /* Project.swift */ = {isa = PBXFileReference; lastKnownFileType = sourcecode.swift; path = Project.swift; sourceTree = "<group>"; };
		ED7E31BC22AADB4500BB5260 /* ProjectsUsers.swift */ = {isa = PBXFileReference; lastKnownFileType = sourcecode.swift; path = ProjectsUsers.swift; sourceTree = "<group>"; };
		ED7E31BE22AADB4500BB5260 /* Campus.swift */ = {isa = PBXFileReference; lastKnownFileType = sourcecode.swift; path = Campus.swift; sourceTree = "<group>"; };
		ED7E31C022AADB4500BB5260 /* Group.swift */ = {isa = PBXFileReference; lastKnownFileType = sourcecode.swift; path = Group.swift; sourceTree = "<group>"; };
		ED7E31C222AADB4500BB5260 /* Scales.swift */ = {isa = PBXFileReference; lastKnownFileType = sourcecode.swift; path = Scales.swift; sourceTree = "<group>"; };
		ED7E31C422AADB4500BB5260 /* Language.swift */ = {isa = PBXFileReference; lastKnownFileType = sourcecode.swift; path = Language.swift; sourceTree = "<group>"; };
		ED7E31C522AADB4500BB5260 /* LanguagesUsers.swift */ = {isa = PBXFileReference; lastKnownFileType = sourcecode.swift; path = LanguagesUsers.swift; sourceTree = "<group>"; };
		ED7E31C722AADB4500BB5260 /* TitlesUsers.swift */ = {isa = PBXFileReference; lastKnownFileType = sourcecode.swift; path = TitlesUsers.swift; sourceTree = "<group>"; };
		ED7E31C822AADB4500BB5260 /* Titles.swift */ = {isa = PBXFileReference; lastKnownFileType = sourcecode.swift; path = Titles.swift; sourceTree = "<group>"; };
		ED7E31CA22AADB4500BB5260 /* User.swift */ = {isa = PBXFileReference; lastKnownFileType = sourcecode.swift; path = User.swift; sourceTree = "<group>"; };
		ED7E31CB22AADB4500BB5260 /* UserInformation.swift */ = {isa = PBXFileReference; lastKnownFileType = sourcecode.swift; path = UserInformation.swift; sourceTree = "<group>"; };
		ED7E31CD22AADB4500BB5260 /* Skill.swift */ = {isa = PBXFileReference; lastKnownFileType = sourcecode.swift; path = Skill.swift; sourceTree = "<group>"; };
		ED7E31CF22AADB4500BB5260 /* Slot.swift */ = {isa = PBXFileReference; lastKnownFileType = sourcecode.swift; path = Slot.swift; sourceTree = "<group>"; };
		ED7E31D122AADB4500BB5260 /* CursusUsers.swift */ = {isa = PBXFileReference; lastKnownFileType = sourcecode.swift; path = CursusUsers.swift; sourceTree = "<group>"; };
		ED7E31D222AADB4500BB5260 /* Cursus.swift */ = {isa = PBXFileReference; lastKnownFileType = sourcecode.swift; path = Cursus.swift; sourceTree = "<group>"; };
		ED7E31D322AADB4E00BB5260 /* ControllerAPI.swift */ = {isa = PBXFileReference; lastKnownFileType = sourcecode.swift; path = ControllerAPI.swift; sourceTree = "<group>"; };
		ED7E31D522AADB5000BB5260 /* EndpointURL.swift */ = {isa = PBXFileReference; lastKnownFileType = sourcecode.swift; path = EndpointURL.swift; sourceTree = "<group>"; };
		ED7E31D722AADB5400BB5260 /* Errors.swift */ = {isa = PBXFileReference; lastKnownFileType = sourcecode.swift; path = Errors.swift; sourceTree = "<group>"; };
		ED7E31D922AADB5800BB5260 /* Tools.swift */ = {isa = PBXFileReference; lastKnownFileType = sourcecode.swift; path = Tools.swift; sourceTree = "<group>"; };
		ED7E31DB22AADB6700BB5260 /* Info.plist */ = {isa = PBXFileReference; lastKnownFileType = text.plist.xml; path = Info.plist; sourceTree = "<group>"; };
		ED7E31DD22AADB7900BB5260 /* Project.json */ = {isa = PBXFileReference; lastKnownFileType = text.json; path = Project.json; sourceTree = "<group>"; };
		ED7E31DE22AADB7900BB5260 /* ProjectsTests.swift */ = {isa = PBXFileReference; lastKnownFileType = sourcecode.swift; path = ProjectsTests.swift; sourceTree = "<group>"; };
		ED7E31E022AADB8600BB5260 /* Me.json */ = {isa = PBXFileReference; lastKnownFileType = text.json; path = Me.json; sourceTree = "<group>"; };
		ED7E31E122AADB8600BB5260 /* UserInformationTests.swift */ = {isa = PBXFileReference; lastKnownFileType = sourcecode.swift; path = UserInformationTests.swift; sourceTree = "<group>"; };
		ED7E31E222AADB9000BB5260 /* AuthenticationTests.swift */ = {isa = PBXFileReference; lastKnownFileType = sourcecode.swift; path = AuthenticationTests.swift; sourceTree = "<group>"; };
		ED7E31E422AADB9700BB5260 /* SlotsTests.swift */ = {isa = PBXFileReference; lastKnownFileType = sourcecode.swift; path = SlotsTests.swift; sourceTree = "<group>"; };
		ED7E31E622AADB9A00BB5260 /* Info.plist */ = {isa = PBXFileReference; lastKnownFileType = text.plist.xml; path = Info.plist; sourceTree = "<group>"; };
		OBJ_12 /* API42Tests.swift */ = {isa = PBXFileReference; lastKnownFileType = sourcecode.swift; path = API42Tests.swift; sourceTree = "<group>"; };
		OBJ_13 /* XCTestManifests.swift */ = {isa = PBXFileReference; lastKnownFileType = sourcecode.swift; path = XCTestManifests.swift; sourceTree = "<group>"; };
		OBJ_19 /* README.md */ = {isa = PBXFileReference; lastKnownFileType = net.daringfireball.markdown; path = README.md; sourceTree = "<group>"; };
		OBJ_6 /* Package.swift */ = {isa = PBXFileReference; explicitFileType = sourcecode.swift; path = Package.swift; sourceTree = "<group>"; };
/* End PBXFileReference section */

/* Begin PBXFrameworksBuildPhase section */
		OBJ_26 /* Frameworks */ = {
			isa = PBXFrameworksBuildPhase;
			buildActionMask = 0;
			files = (
			);
			runOnlyForDeploymentPostprocessing = 0;
		};
		OBJ_45 /* Frameworks */ = {
			isa = PBXFrameworksBuildPhase;
			buildActionMask = 0;
			files = (
				OBJ_46 /* API42.framework in Frameworks */,
			);
			runOnlyForDeploymentPostprocessing = 0;
		};
/* End PBXFrameworksBuildPhase section */

/* Begin PBXGroup section */
		ED3425AE22B112A7001DF57E /* Tags */ = {
			isa = PBXGroup;
			children = (
				ED3425AF22B112BF001DF57E /* Tag.swift */,
			);
			name = Tags;
			sourceTree = "<group>";
		};
		ED3425B622B1445E001DF57E /* Attachements */ = {
			isa = PBXGroup;
			children = (
				ED3425B722B1446A001DF57E /* Attachment.swift */,
				ED3425B922B15211001DF57E /* FileAttachments.swift */,
			);
			name = Attachements;
			sourceTree = "<group>";
		};
		ED7E31DC22AADB7900BB5260 /* Projects */ = {
			isa = PBXGroup;
			children = (
				ED7E31DD22AADB7900BB5260 /* Project.json */,
				ED7E31DE22AADB7900BB5260 /* ProjectsTests.swift */,
			);
			path = Projects;
			sourceTree = "<group>";
		};
		ED7E31DF22AADB8600BB5260 /* Users */ = {
			isa = PBXGroup;
			children = (
				ED7E31E022AADB8600BB5260 /* Me.json */,
				ED7E31E122AADB8600BB5260 /* UserInformationTests.swift */,
			);
			path = Users;
			sourceTree = "<group>";
		};
		ED7E31E722AADC8800BB5260 /* Searches */ = {
			isa = PBXGroup;
			children = (
				ED7E31B622AADB4500BB5260 /* SearchAPI.swift */,
			);
			name = Searches;
			sourceTree = "<group>";
		};
		ED7E31E922AADCCE00BB5260 /* Authentication */ = {
			isa = PBXGroup;
			children = (
				ED7E31B222AADB3C00BB5260 /* AuthenticationHandler.swift */,
				ED7E31B322AADB3C00BB5260 /* Token.swift */,
			);
			name = Authentication;
			sourceTree = "<group>";
		};
		ED7E31EB22AADE2B00BB5260 /* API Resources */ = {
			isa = PBXGroup;
			children = (
				ED3425B622B1445E001DF57E /* Attachements */,
				ED7E31EC22AADE4D00BB5260 /* Achievements */,
				ED7E31ED22AADE6F00BB5260 /* Campus */,
				ED7E31EF22AADE9900BB5260 /* Cursus */,
				ED7E31EE22AADE7E00BB5260 /* Groups */,
				ED7E31F022AADEE200BB5260 /* Projects */,
				ED7E31F122AADF0300BB5260 /* Languages */,
				ED7E31F522AADF6F00BB5260 /* Scales */,
				ED7E31E722AADC8800BB5260 /* Searches */,
				ED7E31F322AADF3300BB5260 /* Skills */,
				ED7E31F222AADF1F00BB5260 /* Slots */,
				ED3425AE22B112A7001DF57E /* Tags */,
				ED7E31F622AADFA300BB5260 /* Titles */,
				ED7E31F422AADF4B00BB5260 /* Users */,
			);
			name = "API Resources";
			sourceTree = "<group>";
		};
		ED7E31EC22AADE4D00BB5260 /* Achievements */ = {
			isa = PBXGroup;
			children = (
				ED7E31B822AADB4500BB5260 /* Achievements.swift */,
			);
			name = Achievements;
			sourceTree = "<group>";
		};
		ED7E31ED22AADE6F00BB5260 /* Campus */ = {
			isa = PBXGroup;
			children = (
				ED7E31BE22AADB4500BB5260 /* Campus.swift */,
			);
			name = Campus;
			sourceTree = "<group>";
		};
		ED7E31EE22AADE7E00BB5260 /* Groups */ = {
			isa = PBXGroup;
			children = (
				ED7E31C022AADB4500BB5260 /* Group.swift */,
			);
			name = Groups;
			sourceTree = "<group>";
		};
		ED7E31EF22AADE9900BB5260 /* Cursus */ = {
			isa = PBXGroup;
			children = (
				ED7E31D122AADB4500BB5260 /* CursusUsers.swift */,
				ED7E31D222AADB4500BB5260 /* Cursus.swift */,
			);
			name = Cursus;
			sourceTree = "<group>";
		};
		ED7E31F022AADEE200BB5260 /* Projects */ = {
			isa = PBXGroup;
			children = (
				ED7E31BA22AADB4500BB5260 /* ProjectSessions.swift */,
				ED7E31BB22AADB4500BB5260 /* Project.swift */,
				ED7E31BC22AADB4500BB5260 /* ProjectsUsers.swift */,
				ED3425B322B13F8D001DF57E /* ProjectInfo.swift */,
			);
			name = Projects;
			sourceTree = "<group>";
		};
		ED7E31F122AADF0300BB5260 /* Languages */ = {
			isa = PBXGroup;
			children = (
				ED7E31C422AADB4500BB5260 /* Language.swift */,
				ED7E31C522AADB4500BB5260 /* LanguagesUsers.swift */,
			);
			name = Languages;
			sourceTree = "<group>";
		};
		ED7E31F222AADF1F00BB5260 /* Slots */ = {
			isa = PBXGroup;
			children = (
				ED7E31CF22AADB4500BB5260 /* Slot.swift */,
			);
			name = Slots;
			sourceTree = "<group>";
		};
		ED7E31F322AADF3300BB5260 /* Skills */ = {
			isa = PBXGroup;
			children = (
				ED7E31CD22AADB4500BB5260 /* Skill.swift */,
			);
			name = Skills;
			sourceTree = "<group>";
		};
		ED7E31F422AADF4B00BB5260 /* Users */ = {
			isa = PBXGroup;
			children = (
				ED7E31CA22AADB4500BB5260 /* User.swift */,
				ED7E31CB22AADB4500BB5260 /* UserInformation.swift */,
			);
			name = Users;
			sourceTree = "<group>";
		};
		ED7E31F522AADF6F00BB5260 /* Scales */ = {
			isa = PBXGroup;
			children = (
				ED7E31C222AADB4500BB5260 /* Scales.swift */,
			);
			name = Scales;
			sourceTree = "<group>";
		};
		ED7E31F622AADFA300BB5260 /* Titles */ = {
			isa = PBXGroup;
			children = (
				ED7E31C722AADB4500BB5260 /* TitlesUsers.swift */,
				ED7E31C822AADB4500BB5260 /* Titles.swift */,
			);
			name = Titles;
			sourceTree = "<group>";
		};
		OBJ_10 /* Tests */ = {
			isa = PBXGroup;
			children = (
				OBJ_11 /* API42Tests */,
			);
			name = Tests;
			sourceTree = SOURCE_ROOT;
		};
		OBJ_11 /* API42Tests */ = {
			isa = PBXGroup;
			children = (
				ED7E31E622AADB9A00BB5260 /* Info.plist */,
				OBJ_12 /* API42Tests.swift */,
				ED7E31E222AADB9000BB5260 /* AuthenticationTests.swift */,
				ED7E31E422AADB9700BB5260 /* SlotsTests.swift */,
				ED7E31DC22AADB7900BB5260 /* Projects */,
				ED7E31DF22AADB8600BB5260 /* Users */,
				OBJ_13 /* XCTestManifests.swift */,
			);
			name = API42Tests;
			path = Tests/API42Tests;
			sourceTree = SOURCE_ROOT;
		};
		OBJ_14 /* Products */ = {
			isa = PBXGroup;
			children = (
				"API42::API42::Product" /* API42.framework */,
				"API42::API42Tests::Product" /* API42Tests.xctest */,
			);
			name = Products;
			sourceTree = BUILT_PRODUCTS_DIR;
		};
		OBJ_5 = {
			isa = PBXGroup;
			children = (
				OBJ_19 /* README.md */,
				OBJ_6 /* Package.swift */,
				OBJ_7 /* Sources */,
				OBJ_10 /* Tests */,
				OBJ_14 /* Products */,
			);
			sourceTree = "<group>";
		};
		OBJ_7 /* Sources */ = {
			isa = PBXGroup;
			children = (
				OBJ_8 /* API42 */,
			);
			name = Sources;
			sourceTree = SOURCE_ROOT;
		};
		OBJ_8 /* API42 */ = {
			isa = PBXGroup;
			children = (
				ED7E31DB22AADB6700BB5260 /* Info.plist */,
				ED7E31D922AADB5800BB5260 /* Tools.swift */,
				ED7E31D322AADB4E00BB5260 /* ControllerAPI.swift */,
				ED3425BD22B173B7001DF57E /* Controls.swift */,
				ED7E31D522AADB5000BB5260 /* EndpointURL.swift */,
				ED7E31D722AADB5400BB5260 /* Errors.swift */,
				ED7E31E922AADCCE00BB5260 /* Authentication */,
				ED7E31EB22AADE2B00BB5260 /* API Resources */,
			);
			name = API42;
			path = Sources/API42;
			sourceTree = SOURCE_ROOT;
		};
/* End PBXGroup section */

/* Begin PBXNativeTarget section */
		"API42::API42" /* API42 */ = {
			isa = PBXNativeTarget;
			buildConfigurationList = OBJ_21 /* Build configuration list for PBXNativeTarget "API42" */;
			buildPhases = (
				OBJ_24 /* Sources */,
				OBJ_26 /* Frameworks */,
			);
			buildRules = (
			);
			dependencies = (
			);
			name = API42;
			productName = API42;
			productReference = "API42::API42::Product" /* API42.framework */;
			productType = "com.apple.product-type.framework";
		};
		"API42::API42Tests" /* API42Tests */ = {
			isa = PBXNativeTarget;
			buildConfigurationList = OBJ_39 /* Build configuration list for PBXNativeTarget "API42Tests" */;
			buildPhases = (
				OBJ_42 /* Sources */,
				OBJ_45 /* Frameworks */,
			);
			buildRules = (
			);
			dependencies = (
				OBJ_47 /* PBXTargetDependency */,
			);
			name = API42Tests;
			productName = API42Tests;
			productReference = "API42::API42Tests::Product" /* API42Tests.xctest */;
			productType = "com.apple.product-type.bundle.unit-test";
		};
		"API42::SwiftPMPackageDescription" /* API42PackageDescription */ = {
			isa = PBXNativeTarget;
			buildConfigurationList = OBJ_28 /* Build configuration list for PBXNativeTarget "API42PackageDescription" */;
			buildPhases = (
				OBJ_31 /* Sources */,
			);
			buildRules = (
			);
			dependencies = (
			);
			name = API42PackageDescription;
			productName = API42PackageDescription;
			productType = "com.apple.product-type.framework";
		};
/* End PBXNativeTarget section */

/* Begin PBXProject section */
		OBJ_1 /* Project object */ = {
			isa = PBXProject;
			attributes = {
				LastSwiftMigration = 9999;
				LastUpgradeCheck = 9999;
			};
			buildConfigurationList = OBJ_2 /* Build configuration list for PBXProject "API42" */;
			compatibilityVersion = "Xcode 3.2";
			developmentRegion = en;
			hasScannedForEncodings = 0;
			knownRegions = (
				en,
			);
			mainGroup = OBJ_5;
			productRefGroup = OBJ_14 /* Products */;
			projectDirPath = "";
			projectRoot = "";
			targets = (
				"API42::API42" /* API42 */,
				"API42::SwiftPMPackageDescription" /* API42PackageDescription */,
				"API42::API42PackageTests::ProductTarget" /* API42PackageTests */,
				"API42::API42Tests" /* API42Tests */,
			);
		};
/* End PBXProject section */

/* Begin PBXSourcesBuildPhase section */
		OBJ_24 /* Sources */ = {
			isa = PBXSourcesBuildPhase;
			buildActionMask = 0;
			files = (
				ED7E31FF22AADFFE00BB5260 /* Group.swift in Sources */,
				ED7E31FC22AADFFE00BB5260 /* Campus.swift in Sources */,
				ED7E320A22AADFFE00BB5260 /* Titles.swift in Sources */,
				ED7E320222AADFFE00BB5260 /* ProjectsUsers.swift in Sources */,
				ED7E320822AADFFE00BB5260 /* Slot.swift in Sources */,
				ED7E31D822AADB5400BB5260 /* Errors.swift in Sources */,
				ED7E31FD22AADFFE00BB5260 /* CursusUsers.swift in Sources */,
				ED3425B022B112BF001DF57E /* Tag.swift in Sources */,
				ED7E31FB22AADFFE00BB5260 /* Achievements.swift in Sources */,
				ED7E320322AADFFE00BB5260 /* Language.swift in Sources */,
				ED3425B822B1446A001DF57E /* Attachment.swift in Sources */,
				ED7E320122AADFFE00BB5260 /* Project.swift in Sources */,
				ED7E320622AADFFE00BB5260 /* SearchAPI.swift in Sources */,
				ED7E320522AADFFE00BB5260 /* Scales.swift in Sources */,
				ED7E320422AADFFE00BB5260 /* LanguagesUsers.swift in Sources */,
				ED7E320C22AADFFE00BB5260 /* UserInformation.swift in Sources */,
				ED7E31D622AADB5000BB5260 /* EndpointURL.swift in Sources */,
				ED7E31D422AADB4E00BB5260 /* ControllerAPI.swift in Sources */,
				ED7E31FA22AADFE700BB5260 /* Token.swift in Sources */,
				ED7E31DA22AADB5800BB5260 /* Tools.swift in Sources */,
				ED3425BA22B15211001DF57E /* FileAttachments.swift in Sources */,
				ED3425BE22B173B7001DF57E /* Controls.swift in Sources */,
				ED7E31FE22AADFFE00BB5260 /* Cursus.swift in Sources */,
				ED7E320922AADFFE00BB5260 /* TitlesUsers.swift in Sources */,
				ED7E320722AADFFE00BB5260 /* Skill.swift in Sources */,
				ED7E320022AADFFE00BB5260 /* ProjectSessions.swift in Sources */,
				ED7E31F922AADFE700BB5260 /* AuthenticationHandler.swift in Sources */,
				ED7E320B22AADFFE00BB5260 /* User.swift in Sources */,
				ED3425B422B13F8D001DF57E /* ProjectInfo.swift in Sources */,
			);
			runOnlyForDeploymentPostprocessing = 0;
		};
		OBJ_31 /* Sources */ = {
			isa = PBXSourcesBuildPhase;
			buildActionMask = 0;
			files = (
				OBJ_32 /* Package.swift in Sources */,
			);
			runOnlyForDeploymentPostprocessing = 0;
		};
		OBJ_42 /* Sources */ = {
			isa = PBXSourcesBuildPhase;
			buildActionMask = 0;
			files = (
				OBJ_43 /* API42Tests.swift in Sources */,
				ED7E31E322AADB9000BB5260 /* AuthenticationTests.swift in Sources */,
				OBJ_44 /* XCTestManifests.swift in Sources */,
				ED7E31E522AADB9700BB5260 /* SlotsTests.swift in Sources */,
			);
			runOnlyForDeploymentPostprocessing = 0;
		};
/* End PBXSourcesBuildPhase section */

/* Begin PBXTargetDependency section */
		OBJ_37 /* PBXTargetDependency */ = {
			isa = PBXTargetDependency;
			target = "API42::API42Tests" /* API42Tests */;
			targetProxy = ED7E31B022AADB0B00BB5260 /* PBXContainerItemProxy */;
		};
		OBJ_47 /* PBXTargetDependency */ = {
			isa = PBXTargetDependency;
			target = "API42::API42" /* API42 */;
			targetProxy = ED7E31AF22AADB0A00BB5260 /* PBXContainerItemProxy */;
		};
/* End PBXTargetDependency section */

/* Begin XCBuildConfiguration section */
		OBJ_22 /* Debug */ = {
			isa = XCBuildConfiguration;
			buildSettings = {
				CURRENT_PROJECT_VERSION = 13;
				ENABLE_TESTABILITY = YES;
				FRAMEWORK_SEARCH_PATHS = (
					"$(inherited)",
					"$(PLATFORM_DIR)/Developer/Library/Frameworks",
				);
				HEADER_SEARCH_PATHS = "$(inherited)";
				INFOPLIST_FILE = API42.xcodeproj/API42_Info.plist;
				IPHONEOS_DEPLOYMENT_TARGET = 8.0;
				LD_RUNPATH_SEARCH_PATHS = "$(inherited) $(TOOLCHAIN_DIR)/usr/lib/swift/macosx";
				MACOSX_DEPLOYMENT_TARGET = 10.10;
				OTHER_CFLAGS = "$(inherited)";
				OTHER_LDFLAGS = "$(inherited)";
				OTHER_SWIFT_FLAGS = "$(inherited)";
				PRODUCT_BUNDLE_IDENTIFIER = API42;
				PRODUCT_MODULE_NAME = "$(TARGET_NAME:c99extidentifier)";
				PRODUCT_NAME = "$(TARGET_NAME:c99extidentifier)";
				SKIP_INSTALL = YES;
				SWIFT_ACTIVE_COMPILATION_CONDITIONS = "$(inherited)";
				SWIFT_VERSION = 5.0;
				TARGET_NAME = API42;
				TVOS_DEPLOYMENT_TARGET = 9.0;
				WATCHOS_DEPLOYMENT_TARGET = 2.0;
			};
			name = Debug;
		};
		OBJ_23 /* Release */ = {
			isa = XCBuildConfiguration;
			buildSettings = {
				CURRENT_PROJECT_VERSION = 13;
				ENABLE_TESTABILITY = YES;
				FRAMEWORK_SEARCH_PATHS = (
					"$(inherited)",
					"$(PLATFORM_DIR)/Developer/Library/Frameworks",
				);
				HEADER_SEARCH_PATHS = "$(inherited)";
				INFOPLIST_FILE = API42.xcodeproj/API42_Info.plist;
				IPHONEOS_DEPLOYMENT_TARGET = 8.0;
				LD_RUNPATH_SEARCH_PATHS = "$(inherited) $(TOOLCHAIN_DIR)/usr/lib/swift/macosx";
				MACOSX_DEPLOYMENT_TARGET = 10.10;
				OTHER_CFLAGS = "$(inherited)";
				OTHER_LDFLAGS = "$(inherited)";
				OTHER_SWIFT_FLAGS = "$(inherited)";
				PRODUCT_BUNDLE_IDENTIFIER = API42;
				PRODUCT_MODULE_NAME = "$(TARGET_NAME:c99extidentifier)";
				PRODUCT_NAME = "$(TARGET_NAME:c99extidentifier)";
				SKIP_INSTALL = YES;
				SWIFT_ACTIVE_COMPILATION_CONDITIONS = "$(inherited)";
				SWIFT_VERSION = 5.0;
				TARGET_NAME = API42;
				TVOS_DEPLOYMENT_TARGET = 9.0;
				WATCHOS_DEPLOYMENT_TARGET = 2.0;
			};
			name = Release;
		};
		OBJ_29 /* Debug */ = {
			isa = XCBuildConfiguration;
			buildSettings = {
				LD = /usr/bin/true;
				OTHER_SWIFT_FLAGS = "-swift-version 5 -I $(TOOLCHAIN_DIR)/usr/lib/swift/pm/4_2 -target x86_64-apple-macosx10.10 -sdk /Applications/Xcode-beta.app/Contents/Developer/Platforms/MacOSX.platform/Developer/SDKs/MacOSX10.15.sdk";
				SWIFT_VERSION = 5.0;
			};
			name = Debug;
		};
		OBJ_3 /* Debug */ = {
			isa = XCBuildConfiguration;
			buildSettings = {
				CLANG_ENABLE_OBJC_ARC = YES;
				COMBINE_HIDPI_IMAGES = YES;
				COPY_PHASE_STRIP = NO;
				DEBUG_INFORMATION_FORMAT = dwarf;
				DYLIB_INSTALL_NAME_BASE = "@rpath";
				ENABLE_NS_ASSERTIONS = YES;
				GCC_OPTIMIZATION_LEVEL = 0;
				GCC_PREPROCESSOR_DEFINITIONS = (
					"$(inherited)",
					"SWIFT_PACKAGE=1",
					"DEBUG=1",
				);
				MACOSX_DEPLOYMENT_TARGET = 10.10;
				ONLY_ACTIVE_ARCH = YES;
				OTHER_SWIFT_FLAGS = "-DXcode";
				PRODUCT_NAME = "$(TARGET_NAME)";
				SDKROOT = macosx;
				SUPPORTED_PLATFORMS = "macosx iphoneos iphonesimulator appletvos appletvsimulator watchos watchsimulator";
				SWIFT_ACTIVE_COMPILATION_CONDITIONS = "$(inherited) SWIFT_PACKAGE DEBUG";
				SWIFT_OPTIMIZATION_LEVEL = "-Onone";
				USE_HEADERMAP = NO;
			};
			name = Debug;
		};
		OBJ_30 /* Release */ = {
			isa = XCBuildConfiguration;
			buildSettings = {
				LD = /usr/bin/true;
				OTHER_SWIFT_FLAGS = "-swift-version 5 -I $(TOOLCHAIN_DIR)/usr/lib/swift/pm/4_2 -target x86_64-apple-macosx10.10 -sdk /Applications/Xcode-beta.app/Contents/Developer/Platforms/MacOSX.platform/Developer/SDKs/MacOSX10.15.sdk";
				SWIFT_VERSION = 5.0;
			};
			name = Release;
		};
		OBJ_35 /* Debug */ = {
			isa = XCBuildConfiguration;
			buildSettings = {
			};
			name = Debug;
		};
		OBJ_36 /* Release */ = {
			isa = XCBuildConfiguration;
			buildSettings = {
			};
			name = Release;
		};
		OBJ_4 /* Release */ = {
			isa = XCBuildConfiguration;
			buildSettings = {
				CLANG_ENABLE_OBJC_ARC = YES;
				COMBINE_HIDPI_IMAGES = YES;
				COPY_PHASE_STRIP = YES;
				DEBUG_INFORMATION_FORMAT = "dwarf-with-dsym";
				DYLIB_INSTALL_NAME_BASE = "@rpath";
				GCC_OPTIMIZATION_LEVEL = s;
				GCC_PREPROCESSOR_DEFINITIONS = (
					"$(inherited)",
					"SWIFT_PACKAGE=1",
				);
				MACOSX_DEPLOYMENT_TARGET = 10.10;
				OTHER_SWIFT_FLAGS = "-DXcode";
				PRODUCT_NAME = "$(TARGET_NAME)";
				SDKROOT = macosx;
				SUPPORTED_PLATFORMS = "macosx iphoneos iphonesimulator appletvos appletvsimulator watchos watchsimulator";
				SWIFT_ACTIVE_COMPILATION_CONDITIONS = "$(inherited) SWIFT_PACKAGE";
				SWIFT_OPTIMIZATION_LEVEL = "-Owholemodule";
				USE_HEADERMAP = NO;
			};
			name = Release;
		};
		OBJ_40 /* Debug */ = {
			isa = XCBuildConfiguration;
			buildSettings = {
				CLANG_ENABLE_MODULES = YES;
				EMBEDDED_CONTENT_CONTAINS_SWIFT = YES;
				FRAMEWORK_SEARCH_PATHS = (
					"$(inherited)",
					"$(PLATFORM_DIR)/Developer/Library/Frameworks",
				);
				HEADER_SEARCH_PATHS = "$(inherited)";
				INFOPLIST_FILE = API42.xcodeproj/API42Tests_Info.plist;
				IPHONEOS_DEPLOYMENT_TARGET = 8.0;
				LD_RUNPATH_SEARCH_PATHS = "$(inherited) @loader_path/../Frameworks @loader_path/Frameworks";
				MACOSX_DEPLOYMENT_TARGET = 10.10;
				OTHER_CFLAGS = "$(inherited)";
				OTHER_LDFLAGS = "$(inherited)";
				OTHER_SWIFT_FLAGS = "$(inherited)";
				SWIFT_ACTIVE_COMPILATION_CONDITIONS = "$(inherited)";
				SWIFT_VERSION = 5.0;
				TARGET_NAME = API42Tests;
				TVOS_DEPLOYMENT_TARGET = 9.0;
				WATCHOS_DEPLOYMENT_TARGET = 2.0;
			};
			name = Debug;
		};
		OBJ_41 /* Release */ = {
			isa = XCBuildConfiguration;
			buildSettings = {
				CLANG_ENABLE_MODULES = YES;
				EMBEDDED_CONTENT_CONTAINS_SWIFT = YES;
				FRAMEWORK_SEARCH_PATHS = (
					"$(inherited)",
					"$(PLATFORM_DIR)/Developer/Library/Frameworks",
				);
				HEADER_SEARCH_PATHS = "$(inherited)";
				INFOPLIST_FILE = API42.xcodeproj/API42Tests_Info.plist;
				IPHONEOS_DEPLOYMENT_TARGET = 8.0;
				LD_RUNPATH_SEARCH_PATHS = "$(inherited) @loader_path/../Frameworks @loader_path/Frameworks";
				MACOSX_DEPLOYMENT_TARGET = 10.10;
				OTHER_CFLAGS = "$(inherited)";
				OTHER_LDFLAGS = "$(inherited)";
				OTHER_SWIFT_FLAGS = "$(inherited)";
				SWIFT_ACTIVE_COMPILATION_CONDITIONS = "$(inherited)";
				SWIFT_VERSION = 5.0;
				TARGET_NAME = API42Tests;
				TVOS_DEPLOYMENT_TARGET = 9.0;
				WATCHOS_DEPLOYMENT_TARGET = 2.0;
			};
			name = Release;
		};
/* End XCBuildConfiguration section */

/* Begin XCConfigurationList section */
		OBJ_2 /* Build configuration list for PBXProject "API42" */ = {
			isa = XCConfigurationList;
			buildConfigurations = (
				OBJ_3 /* Debug */,
				OBJ_4 /* Release */,
			);
			defaultConfigurationIsVisible = 0;
			defaultConfigurationName = Release;
		};
		OBJ_21 /* Build configuration list for PBXNativeTarget "API42" */ = {
			isa = XCConfigurationList;
			buildConfigurations = (
				OBJ_22 /* Debug */,
				OBJ_23 /* Release */,
			);
			defaultConfigurationIsVisible = 0;
			defaultConfigurationName = Release;
		};
		OBJ_28 /* Build configuration list for PBXNativeTarget "API42PackageDescription" */ = {
			isa = XCConfigurationList;
			buildConfigurations = (
				OBJ_29 /* Debug */,
				OBJ_30 /* Release */,
			);
			defaultConfigurationIsVisible = 0;
			defaultConfigurationName = Release;
		};
		OBJ_34 /* Build configuration list for PBXAggregateTarget "API42PackageTests" */ = {
			isa = XCConfigurationList;
			buildConfigurations = (
				OBJ_35 /* Debug */,
				OBJ_36 /* Release */,
			);
			defaultConfigurationIsVisible = 0;
			defaultConfigurationName = Release;
		};
		OBJ_39 /* Build configuration list for PBXNativeTarget "API42Tests" */ = {
			isa = XCConfigurationList;
			buildConfigurations = (
				OBJ_40 /* Debug */,
				OBJ_41 /* Release */,
			);
			defaultConfigurationIsVisible = 0;
			defaultConfigurationName = Release;
		};
/* End XCConfigurationList section */
	};
	rootObject = OBJ_1 /* Project object */;
}
